// !$*UTF8*$!
{
	archiveVersion = 1;
	classes = {
	};
	objectVersion = 50;
	objects = {

/* Begin PBXBuildFile section */
		41402F427198FD9386A40F53 /* Pods_SB_MapsTests.framework in Frameworks */ = {isa = PBXBuildFile; fileRef = 6613546AF11C0FB3C972CBF2 /* Pods_SB_MapsTests.framework */; };
		6BAE78A7A437143B14751AF7 /* Pods_SB_Maps.framework in Frameworks */ = {isa = PBXBuildFile; fileRef = F74D5E562772795B45F56742 /* Pods_SB_Maps.framework */; };
		7ABDA8A3207D15450068254E /* AppDelegate.swift in Sources */ = {isa = PBXBuildFile; fileRef = 7ABDA8A2207D15450068254E /* AppDelegate.swift */; };
		7ABDA8A5207D15450068254E /* ChooseDestinationViewController.swift in Sources */ = {isa = PBXBuildFile; fileRef = 7ABDA8A4207D15450068254E /* ChooseDestinationViewController.swift */; };
		7ABDA8AA207D15460068254E /* Assets.xcassets in Resources */ = {isa = PBXBuildFile; fileRef = 7ABDA8A9207D15460068254E /* Assets.xcassets */; };
		7ABDA8AD207D15460068254E /* LaunchScreen.storyboard in Resources */ = {isa = PBXBuildFile; fileRef = 7ABDA8AB207D15460068254E /* LaunchScreen.storyboard */; };
		7ABDA8B8207D15470068254E /* SB_MapsTests.swift in Sources */ = {isa = PBXBuildFile; fileRef = 7ABDA8B7207D15470068254E /* SB_MapsTests.swift */; };
		7ABDA8C5207D17F10068254E /* Logging.swift in Sources */ = {isa = PBXBuildFile; fileRef = 7ABDA8C4207D17F10068254E /* Logging.swift */; };
		7ABDA8C7207D1CC40068254E /* Button.swift in Sources */ = {isa = PBXBuildFile; fileRef = 7ABDA8C6207D1CC40068254E /* Button.swift */; };
		7ABDA8CE207D1D6C0068254E /* Colors.swift in Sources */ = {isa = PBXBuildFile; fileRef = 7ABDA8CD207D1D6C0068254E /* Colors.swift */; };
		7ABDA8D1207D1D9F0068254E /* UIColor+Additions.swift in Sources */ = {isa = PBXBuildFile; fileRef = 7ABDA8D0207D1D9F0068254E /* UIColor+Additions.swift */; };
		7ABDA8D3207D22C30068254E /* Constants.swift in Sources */ = {isa = PBXBuildFile; fileRef = 7ABDA8D2207D22C30068254E /* Constants.swift */; };
		7ABDA8D8207D257C0068254E /* Wrightsville Beach.gpx in Resources */ = {isa = PBXBuildFile; fileRef = 7ABDA8D5207D257B0068254E /* Wrightsville Beach.gpx */; };
		7ABDA8D9207D257C0068254E /* Downtown Wilmington.gpx in Resources */ = {isa = PBXBuildFile; fileRef = 7ABDA8D6207D257C0068254E /* Downtown Wilmington.gpx */; };
		7ABDA8DA207D257C0068254E /* InterfaceString.swift in Sources */ = {isa = PBXBuildFile; fileRef = 7ABDA8D7207D257C0068254E /* InterfaceString.swift */; };
		7ABDA8DC207D28130068254E /* UIImage+Additions.swift in Sources */ = {isa = PBXBuildFile; fileRef = 7ABDA8DB207D28130068254E /* UIImage+Additions.swift */; };
		7ABDA8DE207D2B890068254E /* MapViewController.swift in Sources */ = {isa = PBXBuildFile; fileRef = 7ABDA8DD207D2B890068254E /* MapViewController.swift */; };
		7ABDA8E0207D2B9B0068254E /* MapViewModel.swift in Sources */ = {isa = PBXBuildFile; fileRef = 7ABDA8DF207D2B9B0068254E /* MapViewModel.swift */; };
		7ABDA8E2207D30950068254E /* MapKit.framework in Frameworks */ = {isa = PBXBuildFile; fileRef = 7ABDA8E1207D30950068254E /* MapKit.framework */; };
		7ABDA8E5207D3ECE0068254E /* LocationService.swift in Sources */ = {isa = PBXBuildFile; fileRef = 7ABDA8E4207D3ECE0068254E /* LocationService.swift */; };
/* End PBXBuildFile section */

/* Begin PBXContainerItemProxy section */
		7ABDA8B4207D15460068254E /* PBXContainerItemProxy */ = {
			isa = PBXContainerItemProxy;
			containerPortal = 7ABDA897207D15450068254E /* Project object */;
			proxyType = 1;
			remoteGlobalIDString = 7ABDA89E207D15450068254E;
			remoteInfo = "SB-Maps";
		};
/* End PBXContainerItemProxy section */

/* Begin PBXFileReference section */
		08FEBDFA714A6DA0E4CC36DF /* Pods-SB-Maps.release.xcconfig */ = {isa = PBXFileReference; includeInIndex = 1; lastKnownFileType = text.xcconfig; name = "Pods-SB-Maps.release.xcconfig"; path = "Pods/Target Support Files/Pods-SB-Maps/Pods-SB-Maps.release.xcconfig"; sourceTree = "<group>"; };
		6613546AF11C0FB3C972CBF2 /* Pods_SB_MapsTests.framework */ = {isa = PBXFileReference; explicitFileType = wrapper.framework; includeInIndex = 0; path = Pods_SB_MapsTests.framework; sourceTree = BUILT_PRODUCTS_DIR; };
		7ABDA89F207D15450068254E /* SB-Maps.app */ = {isa = PBXFileReference; explicitFileType = wrapper.application; includeInIndex = 0; path = "SB-Maps.app"; sourceTree = BUILT_PRODUCTS_DIR; };
		7ABDA8A2207D15450068254E /* AppDelegate.swift */ = {isa = PBXFileReference; lastKnownFileType = sourcecode.swift; path = AppDelegate.swift; sourceTree = "<group>"; };
		7ABDA8A4207D15450068254E /* ChooseDestinationViewController.swift */ = {isa = PBXFileReference; lastKnownFileType = sourcecode.swift; path = ChooseDestinationViewController.swift; sourceTree = "<group>"; };
		7ABDA8A9207D15460068254E /* Assets.xcassets */ = {isa = PBXFileReference; lastKnownFileType = folder.assetcatalog; path = Assets.xcassets; sourceTree = "<group>"; };
		7ABDA8AC207D15460068254E /* Base */ = {isa = PBXFileReference; lastKnownFileType = file.storyboard; name = Base; path = Base.lproj/LaunchScreen.storyboard; sourceTree = "<group>"; };
		7ABDA8AE207D15460068254E /* Info.plist */ = {isa = PBXFileReference; lastKnownFileType = text.plist.xml; path = Info.plist; sourceTree = "<group>"; };
		7ABDA8B3207D15460068254E /* SB-MapsTests.xctest */ = {isa = PBXFileReference; explicitFileType = wrapper.cfbundle; includeInIndex = 0; path = "SB-MapsTests.xctest"; sourceTree = BUILT_PRODUCTS_DIR; };
		7ABDA8B7207D15470068254E /* SB_MapsTests.swift */ = {isa = PBXFileReference; lastKnownFileType = sourcecode.swift; path = SB_MapsTests.swift; sourceTree = "<group>"; };
		7ABDA8B9207D15470068254E /* Info.plist */ = {isa = PBXFileReference; lastKnownFileType = text.plist.xml; path = Info.plist; sourceTree = "<group>"; };
		7ABDA8C4207D17F10068254E /* Logging.swift */ = {isa = PBXFileReference; fileEncoding = 4; lastKnownFileType = sourcecode.swift; path = Logging.swift; sourceTree = "<group>"; };
		7ABDA8C6207D1CC40068254E /* Button.swift */ = {isa = PBXFileReference; fileEncoding = 4; lastKnownFileType = sourcecode.swift; path = Button.swift; sourceTree = "<group>"; };
		7ABDA8CD207D1D6C0068254E /* Colors.swift */ = {isa = PBXFileReference; fileEncoding = 4; lastKnownFileType = sourcecode.swift; path = Colors.swift; sourceTree = "<group>"; };
		7ABDA8D0207D1D9F0068254E /* UIColor+Additions.swift */ = {isa = PBXFileReference; fileEncoding = 4; lastKnownFileType = sourcecode.swift; path = "UIColor+Additions.swift"; sourceTree = "<group>"; };
		7ABDA8D2207D22C30068254E /* Constants.swift */ = {isa = PBXFileReference; fileEncoding = 4; lastKnownFileType = sourcecode.swift; path = Constants.swift; sourceTree = "<group>"; };
		7ABDA8D5207D257B0068254E /* Wrightsville Beach.gpx */ = {isa = PBXFileReference; fileEncoding = 4; lastKnownFileType = text.xml; path = "Wrightsville Beach.gpx"; sourceTree = "<group>"; };
		7ABDA8D6207D257C0068254E /* Downtown Wilmington.gpx */ = {isa = PBXFileReference; fileEncoding = 4; lastKnownFileType = text.xml; path = "Downtown Wilmington.gpx"; sourceTree = "<group>"; };
		7ABDA8D7207D257C0068254E /* InterfaceString.swift */ = {isa = PBXFileReference; fileEncoding = 4; lastKnownFileType = sourcecode.swift; path = InterfaceString.swift; sourceTree = "<group>"; };
		7ABDA8DB207D28130068254E /* UIImage+Additions.swift */ = {isa = PBXFileReference; fileEncoding = 4; lastKnownFileType = sourcecode.swift; path = "UIImage+Additions.swift"; sourceTree = "<group>"; };
		7ABDA8DD207D2B890068254E /* MapViewController.swift */ = {isa = PBXFileReference; lastKnownFileType = sourcecode.swift; path = MapViewController.swift; sourceTree = "<group>"; };
		7ABDA8DF207D2B9B0068254E /* MapViewModel.swift */ = {isa = PBXFileReference; lastKnownFileType = sourcecode.swift; path = MapViewModel.swift; sourceTree = "<group>"; };
		7ABDA8E1207D30950068254E /* MapKit.framework */ = {isa = PBXFileReference; lastKnownFileType = wrapper.framework; name = MapKit.framework; path = System/Library/Frameworks/MapKit.framework; sourceTree = SDKROOT; };
		7ABDA8E4207D3ECE0068254E /* LocationService.swift */ = {isa = PBXFileReference; lastKnownFileType = sourcecode.swift; path = LocationService.swift; sourceTree = "<group>"; };
		7F0240D61E36336B67C0A98F /* Pods-SB-Maps.debug.xcconfig */ = {isa = PBXFileReference; includeInIndex = 1; lastKnownFileType = text.xcconfig; name = "Pods-SB-Maps.debug.xcconfig"; path = "Pods/Target Support Files/Pods-SB-Maps/Pods-SB-Maps.debug.xcconfig"; sourceTree = "<group>"; };
		E4D0C53CD503EDF215D9E783 /* Pods-SB-MapsTests.release.xcconfig */ = {isa = PBXFileReference; includeInIndex = 1; lastKnownFileType = text.xcconfig; name = "Pods-SB-MapsTests.release.xcconfig"; path = "Pods/Target Support Files/Pods-SB-MapsTests/Pods-SB-MapsTests.release.xcconfig"; sourceTree = "<group>"; };
		E7411CF192385F8CB72B2B63 /* Pods-SB-MapsTests.debug.xcconfig */ = {isa = PBXFileReference; includeInIndex = 1; lastKnownFileType = text.xcconfig; name = "Pods-SB-MapsTests.debug.xcconfig"; path = "Pods/Target Support Files/Pods-SB-MapsTests/Pods-SB-MapsTests.debug.xcconfig"; sourceTree = "<group>"; };
		F74D5E562772795B45F56742 /* Pods_SB_Maps.framework */ = {isa = PBXFileReference; explicitFileType = wrapper.framework; includeInIndex = 0; path = Pods_SB_Maps.framework; sourceTree = BUILT_PRODUCTS_DIR; };
/* End PBXFileReference section */

/* Begin PBXFrameworksBuildPhase section */
		7ABDA89C207D15450068254E /* Frameworks */ = {
			isa = PBXFrameworksBuildPhase;
			buildActionMask = 2147483647;
			files = (
				7ABDA8E2207D30950068254E /* MapKit.framework in Frameworks */,
				6BAE78A7A437143B14751AF7 /* Pods_SB_Maps.framework in Frameworks */,
			);
			runOnlyForDeploymentPostprocessing = 0;
		};
		7ABDA8B0207D15460068254E /* Frameworks */ = {
			isa = PBXFrameworksBuildPhase;
			buildActionMask = 2147483647;
			files = (
				41402F427198FD9386A40F53 /* Pods_SB_MapsTests.framework in Frameworks */,
			);
			runOnlyForDeploymentPostprocessing = 0;
		};
/* End PBXFrameworksBuildPhase section */

/* Begin PBXGroup section */
		43DBE490A3261AABD5BDCA2A /* Frameworks */ = {
			isa = PBXGroup;
			children = (
				7ABDA8E1207D30950068254E /* MapKit.framework */,
				F74D5E562772795B45F56742 /* Pods_SB_Maps.framework */,
				6613546AF11C0FB3C972CBF2 /* Pods_SB_MapsTests.framework */,
			);
			name = Frameworks;
			sourceTree = "<group>";
		};
		7ABDA896207D15450068254E = {
			isa = PBXGroup;
			children = (
				7ABDA8A1207D15450068254E /* SB-Maps */,
				7ABDA8B6207D15470068254E /* SB-MapsTests */,
				7ABDA8A0207D15450068254E /* Products */,
				E2E633E1154296EC9F5B0187 /* Pods */,
				43DBE490A3261AABD5BDCA2A /* Frameworks */,
			);
			sourceTree = "<group>";
		};
		7ABDA8A0207D15450068254E /* Products */ = {
			isa = PBXGroup;
			children = (
				7ABDA89F207D15450068254E /* SB-Maps.app */,
				7ABDA8B3207D15460068254E /* SB-MapsTests.xctest */,
			);
			name = Products;
			sourceTree = "<group>";
		};
		7ABDA8A1207D15450068254E /* SB-Maps */ = {
			isa = PBXGroup;
			children = (
				7ABDA8A2207D15450068254E /* AppDelegate.swift */,
				7ABDA8CF207D1D8F0068254E /* Extensions */,
				7ABDA8CB207D1CE20068254E /* Utilities */,
				7ABDA8C8207D1CC80068254E /* Views */,
				7ABDA8CA207D1CD40068254E /* View Models */,
				7ABDA8C9207D1CCD0068254E /* View Controllers */,
				7ABDA8CC207D1CFE0068254E /* Supporting Files */,
			);
			path = "SB-Maps";
			sourceTree = "<group>";
		};
		7ABDA8B6207D15470068254E /* SB-MapsTests */ = {
			isa = PBXGroup;
			children = (
				7ABDA8B7207D15470068254E /* SB_MapsTests.swift */,
				7ABDA8B9207D15470068254E /* Info.plist */,
			);
			path = "SB-MapsTests";
			sourceTree = "<group>";
		};
		7ABDA8C8207D1CC80068254E /* Views */ = {
			isa = PBXGroup;
			children = (
				7ABDA8C6207D1CC40068254E /* Button.swift */,
			);
			path = Views;
			sourceTree = "<group>";
		};
		7ABDA8C9207D1CCD0068254E /* View Controllers */ = {
			isa = PBXGroup;
			children = (
				7ABDA8A4207D15450068254E /* ChooseDestinationViewController.swift */,
				7ABDA8DD207D2B890068254E /* MapViewController.swift */,
			);
			path = "View Controllers";
			sourceTree = "<group>";
		};
		7ABDA8CA207D1CD40068254E /* View Models */ = {
			isa = PBXGroup;
			children = (
				7ABDA8DF207D2B9B0068254E /* MapViewModel.swift */,
			);
			path = "View Models";
			sourceTree = "<group>";
		};
		7ABDA8CB207D1CE20068254E /* Utilities */ = {
			isa = PBXGroup;
			children = (
				7ABDA8CD207D1D6C0068254E /* Colors.swift */,
				7ABDA8D2207D22C30068254E /* Constants.swift */,
				7ABDA8E4207D3ECE0068254E /* LocationService.swift */,
				7ABDA8C4207D17F10068254E /* Logging.swift */,
			);
			path = Utilities;
			sourceTree = "<group>";
		};
		7ABDA8CC207D1CFE0068254E /* Supporting Files */ = {
			isa = PBXGroup;
			children = (
				7ABDA8D4207D255D0068254E /* Localization */,
				7ABDA8A9207D15460068254E /* Assets.xcassets */,
				7ABDA8AB207D15460068254E /* LaunchScreen.storyboard */,
				7ABDA8AE207D15460068254E /* Info.plist */,
			);
			path = "Supporting Files";
			sourceTree = "<group>";
		};
		7ABDA8CF207D1D8F0068254E /* Extensions */ = {
			isa = PBXGroup;
			children = (
				7ABDA8DB207D28130068254E /* UIImage+Additions.swift */,
				7ABDA8D0207D1D9F0068254E /* UIColor+Additions.swift */,
			);
			path = Extensions;
			sourceTree = "<group>";
		};
		7ABDA8D4207D255D0068254E /* Localization */ = {
			isa = PBXGroup;
			children = (
				7ABDA8D6207D257C0068254E /* Downtown Wilmington.gpx */,
				7ABDA8D7207D257C0068254E /* InterfaceString.swift */,
				7ABDA8D5207D257B0068254E /* Wrightsville Beach.gpx */,
			);
			path = Localization;
			sourceTree = "<group>";
		};
		E2E633E1154296EC9F5B0187 /* Pods */ = {
			isa = PBXGroup;
			children = (
				7F0240D61E36336B67C0A98F /* Pods-SB-Maps.debug.xcconfig */,
				08FEBDFA714A6DA0E4CC36DF /* Pods-SB-Maps.release.xcconfig */,
				E7411CF192385F8CB72B2B63 /* Pods-SB-MapsTests.debug.xcconfig */,
				E4D0C53CD503EDF215D9E783 /* Pods-SB-MapsTests.release.xcconfig */,
			);
			name = Pods;
			sourceTree = "<group>";
		};
/* End PBXGroup section */

/* Begin PBXNativeTarget section */
		7ABDA89E207D15450068254E /* SB-Maps */ = {
			isa = PBXNativeTarget;
			buildConfigurationList = 7ABDA8BC207D15470068254E /* Build configuration list for PBXNativeTarget "SB-Maps" */;
			buildPhases = (
				A3444DE80934DD2D32FBCFB5 /* [CP] Check Pods Manifest.lock */,
				7ABDA89B207D15450068254E /* Sources */,
				7ABDA89C207D15450068254E /* Frameworks */,
				7ABDA89D207D15450068254E /* Resources */,
				A66CDA15BDEDF136732C609C /* [CP] Embed Pods Frameworks */,
				1C44286DC9869943E0006D94 /* [CP] Copy Pods Resources */,
			);
			buildRules = (
			);
			dependencies = (
			);
			name = "SB-Maps";
			productName = "SB-Maps";
			productReference = 7ABDA89F207D15450068254E /* SB-Maps.app */;
			productType = "com.apple.product-type.application";
		};
		7ABDA8B2207D15460068254E /* SB-MapsTests */ = {
			isa = PBXNativeTarget;
			buildConfigurationList = 7ABDA8BF207D15470068254E /* Build configuration list for PBXNativeTarget "SB-MapsTests" */;
			buildPhases = (
				0B7F2EB55C48F5CFBECCD24A /* [CP] Check Pods Manifest.lock */,
				7ABDA8AF207D15460068254E /* Sources */,
				7ABDA8B0207D15460068254E /* Frameworks */,
				7ABDA8B1207D15460068254E /* Resources */,
				12D2AAB83AEA861DA849C702 /* [CP] Embed Pods Frameworks */,
				028404E1F714FAEE31933F11 /* [CP] Copy Pods Resources */,
			);
			buildRules = (
			);
			dependencies = (
				7ABDA8B5207D15460068254E /* PBXTargetDependency */,
			);
			name = "SB-MapsTests";
			productName = "SB-MapsTests";
			productReference = 7ABDA8B3207D15460068254E /* SB-MapsTests.xctest */;
			productType = "com.apple.product-type.bundle.unit-test";
		};
/* End PBXNativeTarget section */

/* Begin PBXProject section */
		7ABDA897207D15450068254E /* Project object */ = {
			isa = PBXProject;
			attributes = {
				LastSwiftUpdateCheck = 0930;
				LastUpgradeCheck = 0930;
				ORGANIZATIONNAME = "Kerry Knight";
				TargetAttributes = {
					7ABDA89E207D15450068254E = {
						CreatedOnToolsVersion = 9.3;
						SystemCapabilities = {
							com.apple.Maps.iOS = {
								enabled = 1;
							};
						};
					};
					7ABDA8B2207D15460068254E = {
						CreatedOnToolsVersion = 9.3;
						TestTargetID = 7ABDA89E207D15450068254E;
					};
				};
			};
			buildConfigurationList = 7ABDA89A207D15450068254E /* Build configuration list for PBXProject "SB-Maps" */;
			compatibilityVersion = "Xcode 9.3";
			developmentRegion = en;
			hasScannedForEncodings = 0;
			knownRegions = (
				en,
				Base,
			);
			mainGroup = 7ABDA896207D15450068254E;
			productRefGroup = 7ABDA8A0207D15450068254E /* Products */;
			projectDirPath = "";
			projectRoot = "";
			targets = (
				7ABDA89E207D15450068254E /* SB-Maps */,
				7ABDA8B2207D15460068254E /* SB-MapsTests */,
			);
		};
/* End PBXProject section */

/* Begin PBXResourcesBuildPhase section */
		7ABDA89D207D15450068254E /* Resources */ = {
			isa = PBXResourcesBuildPhase;
			buildActionMask = 2147483647;
			files = (
				7ABDA8D9207D257C0068254E /* Downtown Wilmington.gpx in Resources */,
				7ABDA8D8207D257C0068254E /* Wrightsville Beach.gpx in Resources */,
				7ABDA8AD207D15460068254E /* LaunchScreen.storyboard in Resources */,
				7ABDA8AA207D15460068254E /* Assets.xcassets in Resources */,
			);
			runOnlyForDeploymentPostprocessing = 0;
		};
		7ABDA8B1207D15460068254E /* Resources */ = {
			isa = PBXResourcesBuildPhase;
			buildActionMask = 2147483647;
			files = (
			);
			runOnlyForDeploymentPostprocessing = 0;
		};
/* End PBXResourcesBuildPhase section */

/* Begin PBXShellScriptBuildPhase section */
		028404E1F714FAEE31933F11 /* [CP] Copy Pods Resources */ = {
			isa = PBXShellScriptBuildPhase;
			buildActionMask = 2147483647;
			files = (
			);
			inputPaths = (
			);
			name = "[CP] Copy Pods Resources";
			outputPaths = (
			);
			runOnlyForDeploymentPostprocessing = 0;
			shellPath = /bin/sh;
			shellScript = "\"${SRCROOT}/Pods/Target Support Files/Pods-SB-MapsTests/Pods-SB-MapsTests-resources.sh\"\n";
			showEnvVarsInLog = 0;
		};
		0B7F2EB55C48F5CFBECCD24A /* [CP] Check Pods Manifest.lock */ = {
			isa = PBXShellScriptBuildPhase;
			buildActionMask = 2147483647;
			files = (
			);
			inputPaths = (
				"${PODS_PODFILE_DIR_PATH}/Podfile.lock",
				"${PODS_ROOT}/Manifest.lock",
			);
			name = "[CP] Check Pods Manifest.lock";
			outputPaths = (
				"$(DERIVED_FILE_DIR)/Pods-SB-MapsTests-checkManifestLockResult.txt",
			);
			runOnlyForDeploymentPostprocessing = 0;
			shellPath = /bin/sh;
			shellScript = "diff \"${PODS_PODFILE_DIR_PATH}/Podfile.lock\" \"${PODS_ROOT}/Manifest.lock\" > /dev/null\nif [ $? != 0 ] ; then\n    # print error to STDERR\n    echo \"error: The sandbox is not in sync with the Podfile.lock. Run 'pod install' or update your CocoaPods installation.\" >&2\n    exit 1\nfi\n# This output is used by Xcode 'outputs' to avoid re-running this script phase.\necho \"SUCCESS\" > \"${SCRIPT_OUTPUT_FILE_0}\"\n";
			showEnvVarsInLog = 0;
		};
		12D2AAB83AEA861DA849C702 /* [CP] Embed Pods Frameworks */ = {
			isa = PBXShellScriptBuildPhase;
			buildActionMask = 2147483647;
			files = (
			);
			inputPaths = (
			);
			name = "[CP] Embed Pods Frameworks";
			outputPaths = (
			);
			runOnlyForDeploymentPostprocessing = 0;
			shellPath = /bin/sh;
			shellScript = "\"${SRCROOT}/Pods/Target Support Files/Pods-SB-MapsTests/Pods-SB-MapsTests-frameworks.sh\"\n";
			showEnvVarsInLog = 0;
		};
		1C44286DC9869943E0006D94 /* [CP] Copy Pods Resources */ = {
			isa = PBXShellScriptBuildPhase;
			buildActionMask = 2147483647;
			files = (
			);
			inputPaths = (
			);
			name = "[CP] Copy Pods Resources";
			outputPaths = (
			);
			runOnlyForDeploymentPostprocessing = 0;
			shellPath = /bin/sh;
			shellScript = "\"${SRCROOT}/Pods/Target Support Files/Pods-SB-Maps/Pods-SB-Maps-resources.sh\"\n";
			showEnvVarsInLog = 0;
		};
		A3444DE80934DD2D32FBCFB5 /* [CP] Check Pods Manifest.lock */ = {
			isa = PBXShellScriptBuildPhase;
			buildActionMask = 2147483647;
			files = (
			);
			inputPaths = (
				"${PODS_PODFILE_DIR_PATH}/Podfile.lock",
				"${PODS_ROOT}/Manifest.lock",
			);
			name = "[CP] Check Pods Manifest.lock";
			outputPaths = (
				"$(DERIVED_FILE_DIR)/Pods-SB-Maps-checkManifestLockResult.txt",
			);
			runOnlyForDeploymentPostprocessing = 0;
			shellPath = /bin/sh;
			shellScript = "diff \"${PODS_PODFILE_DIR_PATH}/Podfile.lock\" \"${PODS_ROOT}/Manifest.lock\" > /dev/null\nif [ $? != 0 ] ; then\n    # print error to STDERR\n    echo \"error: The sandbox is not in sync with the Podfile.lock. Run 'pod install' or update your CocoaPods installation.\" >&2\n    exit 1\nfi\n# This output is used by Xcode 'outputs' to avoid re-running this script phase.\necho \"SUCCESS\" > \"${SCRIPT_OUTPUT_FILE_0}\"\n";
			showEnvVarsInLog = 0;
		};
		A66CDA15BDEDF136732C609C /* [CP] Embed Pods Frameworks */ = {
			isa = PBXShellScriptBuildPhase;
			buildActionMask = 2147483647;
			files = (
			);
			inputPaths = (
				"${SRCROOT}/Pods/Target Support Files/Pods-SB-Maps/Pods-SB-Maps-frameworks.sh",
				"${BUILT_PRODUCTS_DIR}/SnapKit/SnapKit.framework",
				"${BUILT_PRODUCTS_DIR}/XCGLogger/XCGLogger.framework",
			);
			name = "[CP] Embed Pods Frameworks";
			outputPaths = (
				"${TARGET_BUILD_DIR}/${FRAMEWORKS_FOLDER_PATH}/SnapKit.framework",
				"${TARGET_BUILD_DIR}/${FRAMEWORKS_FOLDER_PATH}/XCGLogger.framework",
			);
			runOnlyForDeploymentPostprocessing = 0;
			shellPath = /bin/sh;
			shellScript = "\"${SRCROOT}/Pods/Target Support Files/Pods-SB-Maps/Pods-SB-Maps-frameworks.sh\"\n";
			showEnvVarsInLog = 0;
		};
/* End PBXShellScriptBuildPhase section */

/* Begin PBXSourcesBuildPhase section */
		7ABDA89B207D15450068254E /* Sources */ = {
			isa = PBXSourcesBuildPhase;
			buildActionMask = 2147483647;
			files = (
				7ABDA8DA207D257C0068254E /* InterfaceString.swift in Sources */,
				7ABDA8C7207D1CC40068254E /* Button.swift in Sources */,
				7ABDA8CE207D1D6C0068254E /* Colors.swift in Sources */,
				7ABDA8DE207D2B890068254E /* MapViewController.swift in Sources */,
				7ABDA8A5207D15450068254E /* ChooseDestinationViewController.swift in Sources */,
				7ABDA8C5207D17F10068254E /* Logging.swift in Sources */,
				7ABDA8E0207D2B9B0068254E /* MapViewModel.swift in Sources */,
				7ABDA8D3207D22C30068254E /* Constants.swift in Sources */,
				7ABDA8E5207D3ECE0068254E /* LocationService.swift in Sources */,
				7ABDA8A3207D15450068254E /* AppDelegate.swift in Sources */,
				7ABDA8D1207D1D9F0068254E /* UIColor+Additions.swift in Sources */,
				7ABDA8DC207D28130068254E /* UIImage+Additions.swift in Sources */,
			);
			runOnlyForDeploymentPostprocessing = 0;
		};
		7ABDA8AF207D15460068254E /* Sources */ = {
			isa = PBXSourcesBuildPhase;
			buildActionMask = 2147483647;
			files = (
				7ABDA8B8207D15470068254E /* SB_MapsTests.swift in Sources */,
			);
			runOnlyForDeploymentPostprocessing = 0;
		};
/* End PBXSourcesBuildPhase section */

/* Begin PBXTargetDependency section */
		7ABDA8B5207D15460068254E /* PBXTargetDependency */ = {
			isa = PBXTargetDependency;
			target = 7ABDA89E207D15450068254E /* SB-Maps */;
			targetProxy = 7ABDA8B4207D15460068254E /* PBXContainerItemProxy */;
		};
/* End PBXTargetDependency section */

/* Begin PBXVariantGroup section */
		7ABDA8AB207D15460068254E /* LaunchScreen.storyboard */ = {
			isa = PBXVariantGroup;
			children = (
				7ABDA8AC207D15460068254E /* Base */,
			);
			name = LaunchScreen.storyboard;
			sourceTree = "<group>";
		};
/* End PBXVariantGroup section */

/* Begin XCBuildConfiguration section */
		7ABDA8BA207D15470068254E /* Debug */ = {
			isa = XCBuildConfiguration;
			buildSettings = {
				ALWAYS_SEARCH_USER_PATHS = NO;
				CLANG_ANALYZER_NONNULL = YES;
				CLANG_ANALYZER_NUMBER_OBJECT_CONVERSION = YES_AGGRESSIVE;
				CLANG_CXX_LANGUAGE_STANDARD = "gnu++14";
				CLANG_CXX_LIBRARY = "libc++";
				CLANG_ENABLE_MODULES = YES;
				CLANG_ENABLE_OBJC_ARC = YES;
				CLANG_ENABLE_OBJC_WEAK = YES;
				CLANG_WARN_BLOCK_CAPTURE_AUTORELEASING = YES;
				CLANG_WARN_BOOL_CONVERSION = YES;
				CLANG_WARN_COMMA = YES;
				CLANG_WARN_CONSTANT_CONVERSION = YES;
				CLANG_WARN_DEPRECATED_OBJC_IMPLEMENTATIONS = YES;
				CLANG_WARN_DIRECT_OBJC_ISA_USAGE = YES_ERROR;
				CLANG_WARN_DOCUMENTATION_COMMENTS = YES;
				CLANG_WARN_EMPTY_BODY = YES;
				CLANG_WARN_ENUM_CONVERSION = YES;
				CLANG_WARN_INFINITE_RECURSION = YES;
				CLANG_WARN_INT_CONVERSION = YES;
				CLANG_WARN_NON_LITERAL_NULL_CONVERSION = YES;
				CLANG_WARN_OBJC_IMPLICIT_RETAIN_SELF = YES;
				CLANG_WARN_OBJC_LITERAL_CONVERSION = YES;
				CLANG_WARN_OBJC_ROOT_CLASS = YES_ERROR;
				CLANG_WARN_RANGE_LOOP_ANALYSIS = YES;
				CLANG_WARN_STRICT_PROTOTYPES = YES;
				CLANG_WARN_SUSPICIOUS_MOVE = YES;
				CLANG_WARN_UNGUARDED_AVAILABILITY = YES_AGGRESSIVE;
				CLANG_WARN_UNREACHABLE_CODE = YES;
				CLANG_WARN__DUPLICATE_METHOD_MATCH = YES;
				CODE_SIGN_IDENTITY = "iPhone Developer";
				COPY_PHASE_STRIP = NO;
				DEBUG_INFORMATION_FORMAT = dwarf;
				ENABLE_STRICT_OBJC_MSGSEND = YES;
				ENABLE_TESTABILITY = YES;
				GCC_C_LANGUAGE_STANDARD = gnu11;
				GCC_DYNAMIC_NO_PIC = NO;
				GCC_NO_COMMON_BLOCKS = YES;
				GCC_OPTIMIZATION_LEVEL = 0;
				GCC_PREPROCESSOR_DEFINITIONS = (
					"DEBUG=1",
					"$(inherited)",
				);
				GCC_WARN_64_TO_32_BIT_CONVERSION = YES;
				GCC_WARN_ABOUT_RETURN_TYPE = YES_ERROR;
				GCC_WARN_UNDECLARED_SELECTOR = YES;
				GCC_WARN_UNINITIALIZED_AUTOS = YES_AGGRESSIVE;
				GCC_WARN_UNUSED_FUNCTION = YES;
				GCC_WARN_UNUSED_VARIABLE = YES;
				IPHONEOS_DEPLOYMENT_TARGET = 11.3;
				MTL_ENABLE_DEBUG_INFO = YES;
				ONLY_ACTIVE_ARCH = YES;
				SDKROOT = iphoneos;
				SWIFT_ACTIVE_COMPILATION_CONDITIONS = DEBUG;
				SWIFT_OPTIMIZATION_LEVEL = "-Onone";
			};
			name = Debug;
		};
		7ABDA8BB207D15470068254E /* Release */ = {
			isa = XCBuildConfiguration;
			buildSettings = {
				ALWAYS_SEARCH_USER_PATHS = NO;
				CLANG_ANALYZER_NONNULL = YES;
				CLANG_ANALYZER_NUMBER_OBJECT_CONVERSION = YES_AGGRESSIVE;
				CLANG_CXX_LANGUAGE_STANDARD = "gnu++14";
				CLANG_CXX_LIBRARY = "libc++";
				CLANG_ENABLE_MODULES = YES;
				CLANG_ENABLE_OBJC_ARC = YES;
				CLANG_ENABLE_OBJC_WEAK = YES;
				CLANG_WARN_BLOCK_CAPTURE_AUTORELEASING = YES;
				CLANG_WARN_BOOL_CONVERSION = YES;
				CLANG_WARN_COMMA = YES;
				CLANG_WARN_CONSTANT_CONVERSION = YES;
				CLANG_WARN_DEPRECATED_OBJC_IMPLEMENTATIONS = YES;
				CLANG_WARN_DIRECT_OBJC_ISA_USAGE = YES_ERROR;
				CLANG_WARN_DOCUMENTATION_COMMENTS = YES;
				CLANG_WARN_EMPTY_BODY = YES;
				CLANG_WARN_ENUM_CONVERSION = YES;
				CLANG_WARN_INFINITE_RECURSION = YES;
				CLANG_WARN_INT_CONVERSION = YES;
				CLANG_WARN_NON_LITERAL_NULL_CONVERSION = YES;
				CLANG_WARN_OBJC_IMPLICIT_RETAIN_SELF = YES;
				CLANG_WARN_OBJC_LITERAL_CONVERSION = YES;
				CLANG_WARN_OBJC_ROOT_CLASS = YES_ERROR;
				CLANG_WARN_RANGE_LOOP_ANALYSIS = YES;
				CLANG_WARN_STRICT_PROTOTYPES = YES;
				CLANG_WARN_SUSPICIOUS_MOVE = YES;
				CLANG_WARN_UNGUARDED_AVAILABILITY = YES_AGGRESSIVE;
				CLANG_WARN_UNREACHABLE_CODE = YES;
				CLANG_WARN__DUPLICATE_METHOD_MATCH = YES;
				CODE_SIGN_IDENTITY = "iPhone Developer";
				COPY_PHASE_STRIP = NO;
				DEBUG_INFORMATION_FORMAT = "dwarf-with-dsym";
				ENABLE_NS_ASSERTIONS = NO;
				ENABLE_STRICT_OBJC_MSGSEND = YES;
				GCC_C_LANGUAGE_STANDARD = gnu11;
				GCC_NO_COMMON_BLOCKS = YES;
				GCC_WARN_64_TO_32_BIT_CONVERSION = YES;
				GCC_WARN_ABOUT_RETURN_TYPE = YES_ERROR;
				GCC_WARN_UNDECLARED_SELECTOR = YES;
				GCC_WARN_UNINITIALIZED_AUTOS = YES_AGGRESSIVE;
				GCC_WARN_UNUSED_FUNCTION = YES;
				GCC_WARN_UNUSED_VARIABLE = YES;
				IPHONEOS_DEPLOYMENT_TARGET = 11.3;
				MTL_ENABLE_DEBUG_INFO = NO;
				SDKROOT = iphoneos;
				SWIFT_COMPILATION_MODE = wholemodule;
				SWIFT_OPTIMIZATION_LEVEL = "-O";
				VALIDATE_PRODUCT = YES;
			};
			name = Release;
		};
		7ABDA8BD207D15470068254E /* Debug */ = {
			isa = XCBuildConfiguration;
			baseConfigurationReference = 7F0240D61E36336B67C0A98F /* Pods-SB-Maps.debug.xcconfig */;
			buildSettings = {
				ASSETCATALOG_COMPILER_APPICON_NAME = AppIcon;
				CODE_SIGN_STYLE = Automatic;
				DEVELOPMENT_TEAM = 2FXS3J8N9C;
				INFOPLIST_FILE = "SB-Maps/Supporting Files/Info.plist";
				IPHONEOS_DEPLOYMENT_TARGET = 10.3;
				LD_RUNPATH_SEARCH_PATHS = (
					"$(inherited)",
					"@executable_path/Frameworks",
				);
				PRODUCT_BUNDLE_IDENTIFIER = "com.kerryknight.www.SB-Maps";
				PRODUCT_NAME = "$(TARGET_NAME)";
				SWIFT_VERSION = 4.0;
				TARGETED_DEVICE_FAMILY = 1;
			};
			name = Debug;
		};
		7ABDA8BE207D15470068254E /* Release */ = {
			isa = XCBuildConfiguration;
			baseConfigurationReference = 08FEBDFA714A6DA0E4CC36DF /* Pods-SB-Maps.release.xcconfig */;
			buildSettings = {
				ASSETCATALOG_COMPILER_APPICON_NAME = AppIcon;
				CODE_SIGN_STYLE = Automatic;
				DEVELOPMENT_TEAM = 2FXS3J8N9C;
				INFOPLIST_FILE = "SB-Maps/Supporting Files/Info.plist";
				IPHONEOS_DEPLOYMENT_TARGET = 10.3;
				LD_RUNPATH_SEARCH_PATHS = (
					"$(inherited)",
					"@executable_path/Frameworks",
				);
				PRODUCT_BUNDLE_IDENTIFIER = "com.kerryknight.www.SB-Maps";
				PRODUCT_NAME = "$(TARGET_NAME)";
				SWIFT_VERSION = 4.0;
				TARGETED_DEVICE_FAMILY = 1;
			};
			name = Release;
		};
		7ABDA8C0207D15470068254E /* Debug */ = {
			isa = XCBuildConfiguration;
			baseConfigurationReference = E7411CF192385F8CB72B2B63 /* Pods-SB-MapsTests.debug.xcconfig */;
			buildSettings = {
				ALWAYS_EMBED_SWIFT_STANDARD_LIBRARIES = YES;
				BUNDLE_LOADER = "$(TEST_HOST)";
				CODE_SIGN_STYLE = Automatic;
				DEVELOPMENT_TEAM = 2FXS3J8N9C;
				INFOPLIST_FILE = "SB-MapsTests/Info.plist";
				LD_RUNPATH_SEARCH_PATHS = (
					"$(inherited)",
					"@executable_path/Frameworks",
					"@loader_path/Frameworks",
				);
				PRODUCT_BUNDLE_IDENTIFIER = "com.kerryknight.www.SB-MapsTests";
				PRODUCT_NAME = "$(TARGET_NAME)";
				SWIFT_VERSION = 4.0;
				TARGETED_DEVICE_FAMILY = "1,2";
				TEST_HOST = "$(BUILT_PRODUCTS_DIR)/SB-Maps.app/SB-Maps";
			};
			name = Debug;
		};
		7ABDA8C1207D15470068254E /* Release */ = {
			isa = XCBuildConfiguration;
			baseConfigurationReference = E4D0C53CD503EDF215D9E783 /* Pods-SB-MapsTests.release.xcconfig */;
			buildSettings = {
				ALWAYS_EMBED_SWIFT_STANDARD_LIBRARIES = YES;
				BUNDLE_LOADER = "$(TEST_HOST)";
				CODE_SIGN_STYLE = Automatic;
				DEVELOPMENT_TEAM = 2FXS3J8N9C;
				INFOPLIST_FILE = "SB-MapsTests/Info.plist";
				LD_RUNPATH_SEARCH_PATHS = (
					"$(inherited)",
					"@executable_path/Frameworks",
					"@loader_path/Frameworks",
				);
				PRODUCT_BUNDLE_IDENTIFIER = "com.kerryknight.www.SB-MapsTests";
				PRODUCT_NAME = "$(TARGET_NAME)";
				SWIFT_VERSION = 4.0;
				TARGETED_DEVICE_FAMILY = "1,2";
				TEST_HOST = "$(BUILT_PRODUCTS_DIR)/SB-Maps.app/SB-Maps";
			};
			name = Release;
		};
/* End XCBuildConfiguration section */

/* Begin XCConfigurationList section */
		7ABDA89A207D15450068254E /* Build configuration list for PBXProject "SB-Maps" */ = {
			isa = XCConfigurationList;
			buildConfigurations = (
				7ABDA8BA207D15470068254E /* Debug */,
				7ABDA8BB207D15470068254E /* Release */,
			);
			defaultConfigurationIsVisible = 0;
			defaultConfigurationName = Release;
		};
		7ABDA8BC207D15470068254E /* Build configuration list for PBXNativeTarget "SB-Maps" */ = {
			isa = XCConfigurationList;
			buildConfigurations = (
				7ABDA8BD207D15470068254E /* Debug */,
				7ABDA8BE207D15470068254E /* Release */,
			);
			defaultConfigurationIsVisible = 0;
			defaultConfigurationName = Release;
		};
		7ABDA8BF207D15470068254E /* Build configuration list for PBXNativeTarget "SB-MapsTests" */ = {
			isa = XCConfigurationList;
			buildConfigurations = (
				7ABDA8C0207D15470068254E /* Debug */,
				7ABDA8C1207D15470068254E /* Release */,
			);
			defaultConfigurationIsVisible = 0;
			defaultConfigurationName = Release;
		};
/* End XCConfigurationList section */
	};
	rootObject = 7ABDA897207D15450068254E /* Project object */;
}
