PODS:
  - SnapKit (4.0.0)
  - SwiftLocation (3.2.3):
    - SwiftyJSON (~> 4.0.0-alpha.1)
  - SwiftyJSON (4.0.0)
  - XCGLogger (4.0.0):
    - XCGLogger/Core (= 4.0.0)
  - XCGLogger/Core (4.0.0)

DEPENDENCIES:
  - SnapKit (~> 4.0.0)
  - SwiftLocation (from `https://github.com/malcommac/SwiftLocation`, tag `3.2.3`)
  - XCGLogger (from `https://github.com/GetJOMO/XCGLogger.git`, branch `feature/jomo_xcode_colors`)

EXTERNAL SOURCES:
  SwiftLocation:
    :git: https://github.com/malcommac/SwiftLocation
    :tag: 3.2.3
  XCGLogger:
    :branch: feature/jomo_xcode_colors
    :git: https://github.com/GetJOMO/XCGLogger.git

CHECKOUT OPTIONS:
  SwiftLocation:
    :git: https://github.com/malcommac/SwiftLocation
    :tag: 3.2.3
  XCGLogger:
    :commit: 5bbff602091a60f9bf8d0eaf673792cecda2d57c
    :git: https://github.com/GetJOMO/XCGLogger.git

SPEC CHECKSUMS:
  SnapKit: a42d492c16e80209130a3379f73596c3454b7694
  SwiftLocation: a3c3bc2023118171ef3572188a31def94aa0892c
  SwiftyJSON: 070dabdcb1beb81b247c65ffa3a79dbbfb3b48aa
  XCGLogger: 38063ea89b4c8b23232d18efd2e12eb0005f3ea4

PODFILE CHECKSUM: b24dac50a38c13e422c53db9ba9816b41d627412

COCOAPODS: 1.4.0
